Microsoft Visual Studio Solution File, Format Version 12.00
# Visual Studio Version 17
VisualStudioVersion = 17.14.35906.104
MinimumVisualStudioVersion = 10.0.40219.1
Project("{FAE04EC0-301F-11D3-BF4B-00C04F79EFBC}") = "ApiGateway", "ApiGateway\ApiGateway.csproj", "{4E3E47A9-435A-4DCF-A8B5-A1552E262364}"
EndProject
Global
	GlobalSection(SolutionConfigurationPlatforms) = preSolution
		Debug|Any CPU = Debug|Any CPU
		Release|Any CPU = Release|Any CPU
	EndGlobalSection
	GlobalSection(ProjectConfigurationPlatforms) = postSolution
		{4E3E47A9-435A-4DCF-A8B5-A1552E262364}.Debug|Any CPU.ActiveCfg = Debug|Any CPU
		{4E3E47A9-435A-4DCF-A8B5-A1552E262364}.Debug|Any CPU.Build.0 = Debug|Any CPU
		{4E3E47A9-435A-4DCF-A8B5-A1552E262364}.Release|Any CPU.ActiveCfg = Release|Any CPU
		{4E3E47A9-435A-4DCF-A8B5-A1552E262364}.Release|Any CPU.Build.0 = Release|Any CPU
	EndGlobalSection
	GlobalSection(SolutionProperties) = preSolution
		HideSolutionNode = FALSE
	EndGlobalSection
	GlobalSection(ExtensibilityGlobals) = postSolution
		SolutionGuid = {DD5FB326-6777-43DC-8D0C-03D321272EC4}
	EndGlobalSection
EndGlobal
